<?xml version="1.0" encoding="utf-8"?>
<Project ToolsVersion="4.0" xmlns="http://schemas.microsoft.com/developer/msbuild/2003">
  <ItemGroup>
    <ClCompile Include="src\ofApp.cpp">
      <Filter>src</Filter>
    </ClCompile>
    <ClCompile Include="src\main.cpp">
      <Filter>src</Filter>
    </ClCompile>
    <ClCompile Include="..\..\..\..\addons\ofxGui\src\ofxBaseGui.cpp">
      <Filter>addons\ofxGui\src</Filter>
    </ClCompile>
    <ClCompile Include="..\..\..\..\addons\ofxGui\src\ofxButton.cpp">
      <Filter>addons\ofxGui\src</Filter>
    </ClCompile>
    <ClCompile Include="..\..\..\..\addons\ofxGui\src\ofxColorPicker.cpp">
      <Filter>addons\ofxGui\src</Filter>
    </ClCompile>
    <ClCompile Include="..\..\..\..\addons\ofxGui\src\ofxGuiGroup.cpp">
      <Filter>addons\ofxGui\src</Filter>
    </ClCompile>
    <ClCompile Include="..\..\..\..\addons\ofxGui\src\ofxInputField.cpp">
      <Filter>addons\ofxGui\src</Filter>
    </ClCompile>
    <ClCompile Include="..\..\..\..\addons\ofxGui\src\ofxLabel.cpp">
      <Filter>addons\ofxGui\src</Filter>
    </ClCompile>
    <ClCompile Include="..\..\..\..\addons\ofxGui\src\ofxPanel.cpp">
      <Filter>addons\ofxGui\src</Filter>
    </ClCompile>
    <ClCompile Include="..\..\..\..\addons\ofxGui\src\ofxSlider.cpp">
      <Filter>addons\ofxGui\src</Filter>
    </ClCompile>
    <ClCompile Include="..\..\..\..\addons\ofxGui\src\ofxSliderGroup.cpp">
      <Filter>addons\ofxGui\src</Filter>
    </ClCompile>
    <ClCompile Include="..\..\..\..\addons\ofxGui\src\ofxToggle.cpp">
      <Filter>addons\ofxGui\src</Filter>
    </ClCompile>
    <ClCompile Include="..\..\..\..\addons\ofxMaxim\libs\fft.cpp">
      <Filter>addons\ofxMaxim\libs</Filter>
    </ClCompile>
    <ClCompile Include="..\..\..\..\addons\ofxMaxim\libs\maxiAtoms.cpp">
      <Filter>addons\ofxMaxim\libs</Filter>
    </ClCompile>
    <ClCompile Include="..\..\..\..\addons\ofxMaxim\libs\maxiFFT.cpp">
      <Filter>addons\ofxMaxim\libs</Filter>
    </ClCompile>
    <ClCompile Include="..\..\..\..\addons\ofxMaxim\libs\maxiGrains.cpp">
      <Filter>addons\ofxMaxim\libs</Filter>
    </ClCompile>
    <ClCompile Include="..\..\..\..\addons\ofxMaxim\libs\maxiMFCC.cpp">
      <Filter>addons\ofxMaxim\libs</Filter>
    </ClCompile>
    <ClCompile Include="..\..\..\..\addons\ofxMaxim\libs\maximilian.cpp">
      <Filter>addons\ofxMaxim\libs</Filter>
    </ClCompile>
    <ClCompile Include="..\..\..\..\addons\ofxMaxim\libs\stb_vorbis.c">
      <Filter>addons\ofxMaxim\libs</Filter>
    </ClCompile>
  </ItemGroup>
  <ItemGroup>
    <Filter Include="src">
      <UniqueIdentifier>{d8376475-7454-4a24-b08a-aac121d3ad6f}</UniqueIdentifier>
    </Filter>
    <Filter Include="addons">
      <UniqueIdentifier>{f0a69c5d-f955-4799-a1f6-2d3a875b84df}</UniqueIdentifier>
    </Filter>
    <Filter Include="addons\ofxGui">
      <UniqueIdentifier>{ee2f6984-2934-4d3d-9fc5-9f96896dfa06}</UniqueIdentifier>
    </Filter>
    <Filter Include="addons\ofxGui\src">
      <UniqueIdentifier>{44fb703f-39de-4fd6-bd65-954ad8f70e9b}</UniqueIdentifier>
    </Filter>
    <Filter Include="addons\ofxMaxim">
      <UniqueIdentifier>{13e2ff2a-4813-4449-8c20-7a18bb00e8a5}</UniqueIdentifier>
    </Filter>
    <Filter Include="addons\ofxMaxim\src">
      <UniqueIdentifier>{a1df8433-46e8-4fe0-9c29-de4d2d96bcd1}</UniqueIdentifier>
    </Filter>
    <Filter Include="addons\ofxMaxim\libs">
      <UniqueIdentifier>{546e6957-6bef-4ed5-b61b-27521aa2395a}</UniqueIdentifier>
    </Filter>
  </ItemGroup>
  <ItemGroup>
    <ClInclude Include="src\ofApp.h">
      <Filter>src</Filter>
    </ClInclude>
    <ClInclude Include="..\..\..\..\addons\ofxGui\src\ofxBaseGui.h">
      <Filter>addons\ofxGui\src</Filter>
    </ClInclude>
    <ClInclude Include="..\..\..\..\addons\ofxGui\src\ofxButton.h">
      <Filter>addons\ofxGui\src</Filter>
    </ClInclude>
    <ClInclude Include="..\..\..\..\addons\ofxGui\src\ofxColorPicker.h">
      <Filter>addons\ofxGui\src</Filter>
    </ClInclude>
    <ClInclude Include="..\..\..\..\addons\ofxGui\src\ofxGui.h">
      <Filter>addons\ofxGui\src</Filter>
    </ClInclude>
    <ClInclude Include="..\..\..\..\addons\ofxGui\src\ofxGuiGroup.h">
      <Filter>addons\ofxGui\src</Filter>
    </ClInclude>
    <ClInclude Include="..\..\..\..\addons\ofxGui\src\ofxInputField.h">
      <Filter>addons\ofxGui\src</Filter>
    </ClInclude>
    <ClInclude Include="..\..\..\..\addons\ofxGui\src\ofxLabel.h">
      <Filter>addons\ofxGui\src</Filter>
    </ClInclude>
    <ClInclude Include="..\..\..\..\addons\ofxGui\src\ofxPanel.h">
      <Filter>addons\ofxGui\src</Filter>
    </ClInclude>
    <ClInclude Include="..\..\..\..\addons\ofxGui\src\ofxSlider.h">
      <Filter>addons\ofxGui\src</Filter>
    </ClInclude>
    <ClInclude Include="..\..\..\..\addons\ofxGui\src\ofxSliderGroup.h">
      <Filter>addons\ofxGui\src</Filter>
    </ClInclude>
    <ClInclude Include="..\..\..\..\addons\ofxGui\src\ofxToggle.h">
      <Filter>addons\ofxGui\src</Filter>
    </ClInclude>
    <ClInclude Include="..\..\..\..\addons\ofxMaxim\src\ofxMaxim.h">
      <Filter>addons\ofxMaxim\src</Filter>
    </ClInclude>
    <ClInclude Include="..\..\..\..\addons\ofxMaxim\libs\fft.h">
      <Filter>addons\ofxMaxim\libs</Filter>
    </ClInclude>
    <ClInclude Include="..\..\..\..\addons\ofxMaxim\libs\maxiAtoms.h">
      <Filter>addons\ofxMaxim\libs</Filter>
    </ClInclude>
    <ClInclude Include="..\..\..\..\addons\ofxMaxim\libs\maxiFFT.h">
      <Filter>addons\ofxMaxim\libs</Filter>
    </ClInclude>
    <ClInclude Include="..\..\..\..\addons\ofxMaxim\libs\maxiGrains.h">
      <Filter>addons\ofxMaxim\libs</Filter>
    </ClInclude>
    <ClInclude Include="..\..\..\..\addons\ofxMaxim\libs\maxiMFCC.h">
      <Filter>addons\ofxMaxim\libs</Filter>
    </ClInclude>
    <ClInclude Include="..\..\..\..\addons\ofxMaxim\libs\maximilian.h">
      <Filter>addons\ofxMaxim\libs</Filter>
    </ClInclude>
    <ClInclude Include="..\..\..\..\addons\ofxMaxim\libs\sineTable.h">
      <Filter>addons\ofxMaxim\libs</Filter>
    </ClInclude>
    <ClInclude Include="..\..\..\..\addons\ofxMaxim\libs\stb_vorbis.h">
      <Filter>addons\ofxMaxim\libs</Filter>
    </ClInclude>
  </ItemGroup>
  <ItemGroup>
    <ResourceCompile Include="icon.rc" />
  </ItemGroup>
</Project>